
Microsoft Visual Studio Solution File, Format Version 12.00
# Visual Studio 15
VisualStudioVersion = 15.0.28010.2048
MinimumVisualStudioVersion = 10.0.40219.1
Project("{CC5FD16D-436D-48AD-A40C-5A424C6E3E79}") = "PrivatniCasoviFTN", "PrivatniCasoviFTN\PrivatniCasoviFTN.ccproj", "{8144CB72-821F-4CDC-B672-CA5D90D6E466}"
EndProject
Project("{FAE04EC0-301F-11D3-BF4B-00C04F79EFBC}") = "PrivatniCasoviAPI", "PrivatniCasoviAPI\PrivatniCasoviAPI.csproj", "{77DB3256-9CD5-43E0-B8BF-FB4E5DFBDD21}"
EndProject
Project("{FAE04EC0-301F-11D3-BF4B-00C04F79EFBC}") = "WorkerRole1", "WorkerRole1\WorkerRole1.csproj", "{84EE0FC0-D539-48C5-BD1F-27936F6711DB}"
EndProject
Project("{FAE04EC0-301F-11D3-BF4B-00C04F79EFBC}") = "Common", "Common\Common.csproj", "{F1C2327B-D07F-4E52-A7A5-355866A430E2}"
EndProject
Global
	GlobalSection(SolutionConfigurationPlatforms) = preSolution
		Debug|Any CPU = Debug|Any CPU
		Release|Any CPU = Release|Any CPU
	EndGlobalSection
	GlobalSection(ProjectConfigurationPlatforms) = postSolution
		{8144CB72-821F-4CDC-B672-CA5D90D6E466}.Debug|Any CPU.ActiveCfg = Debug|Any CPU
		{8144CB72-821F-4CDC-B672-CA5D90D6E466}.Debug|Any CPU.Build.0 = Debug|Any CPU
		{8144CB72-821F-4CDC-B672-CA5D90D6E466}.Release|Any CPU.ActiveCfg = Release|Any CPU
		{8144CB72-821F-4CDC-B672-CA5D90D6E466}.Release|Any CPU.Build.0 = Release|Any CPU
		{77DB3256-9CD5-43E0-B8BF-FB4E5DFBDD21}.Debug|Any CPU.ActiveCfg = Debug|Any CPU
		{77DB3256-9CD5-43E0-B8BF-FB4E5DFBDD21}.Debug|Any CPU.Build.0 = Debug|Any CPU
		{77DB3256-9CD5-43E0-B8BF-FB4E5DFBDD21}.Release|Any CPU.ActiveCfg = Release|Any CPU
		{77DB3256-9CD5-43E0-B8BF-FB4E5DFBDD21}.Release|Any CPU.Build.0 = Release|Any CPU
		{84EE0FC0-D539-48C5-BD1F-27936F6711DB}.Debug|Any CPU.ActiveCfg = Debug|Any CPU
		{84EE0FC0-D539-48C5-BD1F-27936F6711DB}.Debug|Any CPU.Build.0 = Debug|Any CPU
		{84EE0FC0-D539-48C5-BD1F-27936F6711DB}.Release|Any CPU.ActiveCfg = Release|Any CPU
		{84EE0FC0-D539-48C5-BD1F-27936F6711DB}.Release|Any CPU.Build.0 = Release|Any CPU
		{F1C2327B-D07F-4E52-A7A5-355866A430E2}.Debug|Any CPU.ActiveCfg = Debug|Any CPU
		{F1C2327B-D07F-4E52-A7A5-355866A430E2}.Debug|Any CPU.Build.0 = Debug|Any CPU
		{F1C2327B-D07F-4E52-A7A5-355866A430E2}.Release|Any CPU.ActiveCfg = Release|Any CPU
		{F1C2327B-D07F-4E52-A7A5-355866A430E2}.Release|Any CPU.Build.0 = Release|Any CPU
	EndGlobalSection
	GlobalSection(SolutionProperties) = preSolution
		HideSolutionNode = FALSE
	EndGlobalSection
	GlobalSection(ExtensibilityGlobals) = postSolution
		SolutionGuid = {5485593C-7AD0-4DEF-A334-78B1CE994FB7}
	EndGlobalSection
EndGlobal
